
Microsoft Visual Studio Solution File, Format Version 12.00
# Visual Studio Version 16
VisualStudioVersion = 16.0.34407.143
MinimumVisualStudioVersion = 10.0.40219.1
Project("{FAE04EC0-301F-11D3-BF4B-00C04F79EFBC}") = "AppDemoCliente", "AppDemoCliente\AppDemoCliente.csproj", "{08BFBC9C-B89D-457E-B1C9-489160047B90}"
EndProject
Project("{2150E333-8FDC-42A3-9474-1A3956D46DE8}") = "docs", "docs", "{ACF12170-283B-40C3-AEA6-C9A8B8ADD2DF}"
	ProjectSection(SolutionItems) = preProject
		\\192.168.1.129\compartida\certificate.pem = \\192.168.1.129\compartida\certificate.pem
		\\192.168.1.129\compartida\certificate.pfx = \\192.168.1.129\compartida\certificate.pfx
		Readme.md = Readme.md
	EndProjectSection
EndProject
Project("{FAE04EC0-301F-11D3-BF4B-00C04F79EFBC}") = "APIEjService", "APIEjService\APIEjService.csproj", "{2799BEC7-44A9-4CF2-B950-1C3FD50967E6}"
EndProject
Project("{FAE04EC0-301F-11D3-BF4B-00C04F79EFBC}") = "Auth2.0Service", "Auth2.0Service\Auth2.0Service.csproj", "{661FC864-FBE1-4472-B385-2DC05BC34C23}"
EndProject
Global
	GlobalSection(SolutionConfigurationPlatforms) = preSolution
		Debug|Any CPU = Debug|Any CPU
		Release|Any CPU = Release|Any CPU
	EndGlobalSection
	GlobalSection(ProjectConfigurationPlatforms) = postSolution
		{08BFBC9C-B89D-457E-B1C9-489160047B90}.Debug|Any CPU.ActiveCfg = Debug|Any CPU
		{08BFBC9C-B89D-457E-B1C9-489160047B90}.Debug|Any CPU.Build.0 = Debug|Any CPU
		{08BFBC9C-B89D-457E-B1C9-489160047B90}.Release|Any CPU.ActiveCfg = Release|Any CPU
		{08BFBC9C-B89D-457E-B1C9-489160047B90}.Release|Any CPU.Build.0 = Release|Any CPU
		{2799BEC7-44A9-4CF2-B950-1C3FD50967E6}.Debug|Any CPU.ActiveCfg = Debug|Any CPU
		{2799BEC7-44A9-4CF2-B950-1C3FD50967E6}.Debug|Any CPU.Build.0 = Debug|Any CPU
		{2799BEC7-44A9-4CF2-B950-1C3FD50967E6}.Release|Any CPU.ActiveCfg = Release|Any CPU
		{2799BEC7-44A9-4CF2-B950-1C3FD50967E6}.Release|Any CPU.Build.0 = Release|Any CPU
		{661FC864-FBE1-4472-B385-2DC05BC34C23}.Debug|Any CPU.ActiveCfg = Debug|Any CPU
		{661FC864-FBE1-4472-B385-2DC05BC34C23}.Debug|Any CPU.Build.0 = Debug|Any CPU
		{661FC864-FBE1-4472-B385-2DC05BC34C23}.Release|Any CPU.ActiveCfg = Release|Any CPU
		{661FC864-FBE1-4472-B385-2DC05BC34C23}.Release|Any CPU.Build.0 = Release|Any CPU
	EndGlobalSection
	GlobalSection(SolutionProperties) = preSolution
		HideSolutionNode = FALSE
	EndGlobalSection
	GlobalSection(ExtensibilityGlobals) = postSolution
		SolutionGuid = {16E455FD-3AF3-43A8-A8B7-2837A0FE5B6C}
	EndGlobalSection
EndGlobal
