
Microsoft Visual Studio Solution File, Format Version 12.00
# Visual Studio Version 17
VisualStudioVersion = 17.8.34525.116
MinimumVisualStudioVersion = 10.0.40219.1
Project("{FAE04EC0-301F-11D3-BF4B-00C04F79EFBC}") = "AppDesktopDemoCliente", "clientes\AppDemoCliente\AppDesktopDemoCliente.csproj", "{08BFBC9C-B89D-457E-B1C9-489160047B90}"
EndProject
Project("{2150E333-8FDC-42A3-9474-1A3956D46DE8}") = "docs", "docs", "{ACF12170-283B-40C3-AEA6-C9A8B8ADD2DF}"
	ProjectSection(SolutionItems) = preProject
		esquema_sistema.jpg = esquema_sistema.jpg
		pantallazo_admin_credenciales.jpg = pantallazo_admin_credenciales.jpg
		pantallazo_alta_cliente.jpg = pantallazo_alta_cliente.jpg
		Readme.md = Readme.md
	EndProjectSection
EndProject
Project("{2150E333-8FDC-42A3-9474-1A3956D46DE8}") = "clientes", "clientes", "{8EBD3F35-870D-474C-AA06-F9696D95405B}"
EndProject
Project("{2150E333-8FDC-42A3-9474-1A3956D46DE8}") = "recursos tokenizados", "recursos tokenizados", "{1EBC4E69-B082-46BF-8A9D-E6749713985F}"
EndProject
Project("{2150E333-8FDC-42A3-9474-1A3956D46DE8}") = "servicio autorizacion", "servicio autorizacion", "{4A6BEDEA-6208-402F-8EBD-37B6C254457B}"
EndProject
Project("{FAE04EC0-301F-11D3-BF4B-00C04F79EFBC}") = "ResourceAPIServer.ClientServices", "clientes\ResourceAPIServer.ClientServices\ResourceAPIServer.ClientServices.csproj", "{A68F2A19-8F29-4C17-8E47-AE0576C1EA9B}"
EndProject
Project("{2150E333-8FDC-42A3-9474-1A3956D46DE8}") = "libs", "libs", "{E49F28F7-79E9-4EAF-A345-A79F1E823879}"
EndProject
Project("{FAE04EC0-301F-11D3-BF4B-00C04F79EFBC}") = "BearerToken_Models", "auth_Server\BearerToken_Models\BearerToken_Models.csproj", "{CF14C57A-404D-4834-8F03-2D0B6120A286}"
EndProject
Project("{FAE04EC0-301F-11D3-BF4B-00C04F79EFBC}") = "BearerToken_DAO", "auth_Server\BearerToken_DAO\BearerToken_DAO.csproj", "{24F04221-1406-47B4-8DEB-8055F69B720A}"
EndProject
Project("{FAE04EC0-301F-11D3-BF4B-00C04F79EFBC}") = "BearerToken_SQLiteDaoImpl", "auth_Server\BearerToken_SQLiteDaoImpl\BearerToken_SQLiteDaoImpl.csproj", "{9EF2535F-A49D-41CD-B126-2614831A55FB}"
EndProject
Project("{FAE04EC0-301F-11D3-BF4B-00C04F79EFBC}") = "BearerToken_SimpleServer_adm", "auth_Server\BearerToken_SimpleServer_adm\BearerToken_SimpleServer_adm.csproj", "{661FC864-FBE1-4472-B385-2DC05BC34C23}"
EndProject
Project("{FAE04EC0-301F-11D3-BF4B-00C04F79EFBC}") = "BearerToken_Services", "auth_server\BearerToken_Services\BearerToken_Services.csproj", "{55701CF7-2994-46B1-B68D-B8C623154C8D}"
EndProject
Project("{2150E333-8FDC-42A3-9474-1A3956D46DE8}") = "utils", "utils", "{899DCB0F-6DC7-4344-9E4C-C65EC1C30F6F}"
EndProject
Project("{FAE04EC0-301F-11D3-BF4B-00C04F79EFBC}") = "ResourceAPIServer", "resources_server\ResourceAPIServer\ResourceAPIServer.csproj", "{C3AA6D7A-73F4-4F31-B975-F8E9FAE87A64}"
EndProject
Project("{FAE04EC0-301F-11D3-BF4B-00C04F79EFBC}") = "BearerToken.Utilities", "auth_server\BearerToken.Utilities\BearerToken.Utilities.csproj", "{82D1EA22-EA63-4C14-A8EE-87F09D6D4DD1}"
EndProject
Project("{FAE04EC0-301F-11D3-BF4B-00C04F79EFBC}") = "AppWebDemoCliente", "clientes\AppWebDemoCliente\AppWebDemoCliente.csproj", "{8F01630E-79E0-4A33-9EE5-27F66396FAA1}"
EndProject
Global
	GlobalSection(SolutionConfigurationPlatforms) = preSolution
		Debug|Any CPU = Debug|Any CPU
		Release|Any CPU = Release|Any CPU
	EndGlobalSection
	GlobalSection(ProjectConfigurationPlatforms) = postSolution
		{08BFBC9C-B89D-457E-B1C9-489160047B90}.Debug|Any CPU.ActiveCfg = Debug|Any CPU
		{08BFBC9C-B89D-457E-B1C9-489160047B90}.Debug|Any CPU.Build.0 = Debug|Any CPU
		{08BFBC9C-B89D-457E-B1C9-489160047B90}.Release|Any CPU.ActiveCfg = Release|Any CPU
		{08BFBC9C-B89D-457E-B1C9-489160047B90}.Release|Any CPU.Build.0 = Release|Any CPU
		{A68F2A19-8F29-4C17-8E47-AE0576C1EA9B}.Debug|Any CPU.ActiveCfg = Debug|Any CPU
		{A68F2A19-8F29-4C17-8E47-AE0576C1EA9B}.Debug|Any CPU.Build.0 = Debug|Any CPU
		{A68F2A19-8F29-4C17-8E47-AE0576C1EA9B}.Release|Any CPU.ActiveCfg = Release|Any CPU
		{A68F2A19-8F29-4C17-8E47-AE0576C1EA9B}.Release|Any CPU.Build.0 = Release|Any CPU
		{CF14C57A-404D-4834-8F03-2D0B6120A286}.Debug|Any CPU.ActiveCfg = Debug|Any CPU
		{CF14C57A-404D-4834-8F03-2D0B6120A286}.Debug|Any CPU.Build.0 = Debug|Any CPU
		{CF14C57A-404D-4834-8F03-2D0B6120A286}.Release|Any CPU.ActiveCfg = Release|Any CPU
		{CF14C57A-404D-4834-8F03-2D0B6120A286}.Release|Any CPU.Build.0 = Release|Any CPU
		{24F04221-1406-47B4-8DEB-8055F69B720A}.Debug|Any CPU.ActiveCfg = Debug|Any CPU
		{24F04221-1406-47B4-8DEB-8055F69B720A}.Debug|Any CPU.Build.0 = Debug|Any CPU
		{24F04221-1406-47B4-8DEB-8055F69B720A}.Release|Any CPU.ActiveCfg = Release|Any CPU
		{24F04221-1406-47B4-8DEB-8055F69B720A}.Release|Any CPU.Build.0 = Release|Any CPU
		{9EF2535F-A49D-41CD-B126-2614831A55FB}.Debug|Any CPU.ActiveCfg = Debug|Any CPU
		{9EF2535F-A49D-41CD-B126-2614831A55FB}.Debug|Any CPU.Build.0 = Debug|Any CPU
		{9EF2535F-A49D-41CD-B126-2614831A55FB}.Release|Any CPU.ActiveCfg = Release|Any CPU
		{9EF2535F-A49D-41CD-B126-2614831A55FB}.Release|Any CPU.Build.0 = Release|Any CPU
		{661FC864-FBE1-4472-B385-2DC05BC34C23}.Debug|Any CPU.ActiveCfg = Debug|Any CPU
		{661FC864-FBE1-4472-B385-2DC05BC34C23}.Debug|Any CPU.Build.0 = Debug|Any CPU
		{661FC864-FBE1-4472-B385-2DC05BC34C23}.Release|Any CPU.ActiveCfg = Release|Any CPU
		{661FC864-FBE1-4472-B385-2DC05BC34C23}.Release|Any CPU.Build.0 = Release|Any CPU
		{55701CF7-2994-46B1-B68D-B8C623154C8D}.Debug|Any CPU.ActiveCfg = Debug|Any CPU
		{55701CF7-2994-46B1-B68D-B8C623154C8D}.Debug|Any CPU.Build.0 = Debug|Any CPU
		{55701CF7-2994-46B1-B68D-B8C623154C8D}.Release|Any CPU.ActiveCfg = Release|Any CPU
		{55701CF7-2994-46B1-B68D-B8C623154C8D}.Release|Any CPU.Build.0 = Release|Any CPU
		{C3AA6D7A-73F4-4F31-B975-F8E9FAE87A64}.Debug|Any CPU.ActiveCfg = Debug|Any CPU
		{C3AA6D7A-73F4-4F31-B975-F8E9FAE87A64}.Debug|Any CPU.Build.0 = Debug|Any CPU
		{C3AA6D7A-73F4-4F31-B975-F8E9FAE87A64}.Release|Any CPU.ActiveCfg = Release|Any CPU
		{C3AA6D7A-73F4-4F31-B975-F8E9FAE87A64}.Release|Any CPU.Build.0 = Release|Any CPU
		{82D1EA22-EA63-4C14-A8EE-87F09D6D4DD1}.Debug|Any CPU.ActiveCfg = Debug|Any CPU
		{82D1EA22-EA63-4C14-A8EE-87F09D6D4DD1}.Debug|Any CPU.Build.0 = Debug|Any CPU
		{82D1EA22-EA63-4C14-A8EE-87F09D6D4DD1}.Release|Any CPU.ActiveCfg = Release|Any CPU
		{82D1EA22-EA63-4C14-A8EE-87F09D6D4DD1}.Release|Any CPU.Build.0 = Release|Any CPU
		{8F01630E-79E0-4A33-9EE5-27F66396FAA1}.Debug|Any CPU.ActiveCfg = Debug|Any CPU
		{8F01630E-79E0-4A33-9EE5-27F66396FAA1}.Debug|Any CPU.Build.0 = Debug|Any CPU
		{8F01630E-79E0-4A33-9EE5-27F66396FAA1}.Release|Any CPU.ActiveCfg = Release|Any CPU
		{8F01630E-79E0-4A33-9EE5-27F66396FAA1}.Release|Any CPU.Build.0 = Release|Any CPU
	EndGlobalSection
	GlobalSection(SolutionProperties) = preSolution
		HideSolutionNode = FALSE
	EndGlobalSection
	GlobalSection(NestedProjects) = preSolution
		{08BFBC9C-B89D-457E-B1C9-489160047B90} = {8EBD3F35-870D-474C-AA06-F9696D95405B}
		{A68F2A19-8F29-4C17-8E47-AE0576C1EA9B} = {8EBD3F35-870D-474C-AA06-F9696D95405B}
		{E49F28F7-79E9-4EAF-A345-A79F1E823879} = {4A6BEDEA-6208-402F-8EBD-37B6C254457B}
		{CF14C57A-404D-4834-8F03-2D0B6120A286} = {E49F28F7-79E9-4EAF-A345-A79F1E823879}
		{24F04221-1406-47B4-8DEB-8055F69B720A} = {E49F28F7-79E9-4EAF-A345-A79F1E823879}
		{9EF2535F-A49D-41CD-B126-2614831A55FB} = {E49F28F7-79E9-4EAF-A345-A79F1E823879}
		{661FC864-FBE1-4472-B385-2DC05BC34C23} = {4A6BEDEA-6208-402F-8EBD-37B6C254457B}
		{55701CF7-2994-46B1-B68D-B8C623154C8D} = {E49F28F7-79E9-4EAF-A345-A79F1E823879}
		{899DCB0F-6DC7-4344-9E4C-C65EC1C30F6F} = {4A6BEDEA-6208-402F-8EBD-37B6C254457B}
		{C3AA6D7A-73F4-4F31-B975-F8E9FAE87A64} = {1EBC4E69-B082-46BF-8A9D-E6749713985F}
		{82D1EA22-EA63-4C14-A8EE-87F09D6D4DD1} = {899DCB0F-6DC7-4344-9E4C-C65EC1C30F6F}
		{8F01630E-79E0-4A33-9EE5-27F66396FAA1} = {8EBD3F35-870D-474C-AA06-F9696D95405B}
	EndGlobalSection
	GlobalSection(ExtensibilityGlobals) = postSolution
		SolutionGuid = {16E455FD-3AF3-43A8-A8B7-2837A0FE5B6C}
	EndGlobalSection
EndGlobal
